
Microsoft Visual Studio Solution File, Format Version 12.00
# Visual Studio Version 17
VisualStudioVersion = 17.11.35222.181
MinimumVisualStudioVersion = 10.0.40219.1
Project("{FAE04EC0-301F-11D3-BF4B-00C04F79EFBC}") = "IgnacioPo.Prototipos.Ej02", "IgnacioPo.Prototipos.Ej02\IgnacioPo.Prototipos.Ej02.csproj", "{0D270D34-0B0B-4102-AF9A-3A6F2376995A}"
EndProject
Global
	GlobalSection(SolutionConfigurationPlatforms) = preSolution
		Debug|Any CPU = Debug|Any CPU
		Release|Any CPU = Release|Any CPU
	EndGlobalSection
	GlobalSection(ProjectConfigurationPlatforms) = postSolution
		{0D270D34-0B0B-4102-AF9A-3A6F2376995A}.Debug|Any CPU.ActiveCfg = Debug|Any CPU
		{0D270D34-0B0B-4102-AF9A-3A6F2376995A}.Debug|Any CPU.Build.0 = Debug|Any CPU
		{0D270D34-0B0B-4102-AF9A-3A6F2376995A}.Release|Any CPU.ActiveCfg = Release|Any CPU
		{0D270D34-0B0B-4102-AF9A-3A6F2376995A}.Release|Any CPU.Build.0 = Release|Any CPU
	EndGlobalSection
	GlobalSection(SolutionProperties) = preSolution
		HideSolutionNode = FALSE
	EndGlobalSection
	GlobalSection(ExtensibilityGlobals) = postSolution
		SolutionGuid = {AF739774-F002-4537-AA84-B842578BDF50}
	EndGlobalSection
EndGlobal
